
Microsoft Visual Studio Solution File, Format Version 12.00
# Visual Studio Version 17
VisualStudioVersion = 17.9.34723.18
MinimumVisualStudioVersion = 10.0.40219.1
Project("{FAE04EC0-301F-11D3-BF4B-00C04F79EFBC}") = "SampleBlazingPizzaStore", "SampleBlazingPizzaStore\SampleBlazingPizzaStore\SampleBlazingPizzaStore.csproj", "{17231E5A-B556-4824-9242-06F33C16752A}"
EndProject
Project("{FAE04EC0-301F-11D3-BF4B-00C04F79EFBC}") = "SampleBlazingPizzaStore.Client", "SampleBlazingPizzaStore\SampleBlazingPizzaStore.Client\SampleBlazingPizzaStore.Client.csproj", "{4BBD4DF0-C2FC-49C0-BB05-ACDBD5673CDF}"
EndProject
Global
	GlobalSection(SolutionConfigurationPlatforms) = preSolution
		Debug|Any CPU = Debug|Any CPU
		Release|Any CPU = Release|Any CPU
	EndGlobalSection
	GlobalSection(ProjectConfigurationPlatforms) = postSolution
		{17231E5A-B556-4824-9242-06F33C16752A}.Debug|Any CPU.ActiveCfg = Debug|Any CPU
		{17231E5A-B556-4824-9242-06F33C16752A}.Debug|Any CPU.Build.0 = Debug|Any CPU
		{17231E5A-B556-4824-9242-06F33C16752A}.Release|Any CPU.ActiveCfg = Release|Any CPU
		{17231E5A-B556-4824-9242-06F33C16752A}.Release|Any CPU.Build.0 = Release|Any CPU
		{4BBD4DF0-C2FC-49C0-BB05-ACDBD5673CDF}.Debug|Any CPU.ActiveCfg = Debug|Any CPU
		{4BBD4DF0-C2FC-49C0-BB05-ACDBD5673CDF}.Debug|Any CPU.Build.0 = Debug|Any CPU
		{4BBD4DF0-C2FC-49C0-BB05-ACDBD5673CDF}.Release|Any CPU.ActiveCfg = Release|Any CPU
		{4BBD4DF0-C2FC-49C0-BB05-ACDBD5673CDF}.Release|Any CPU.Build.0 = Release|Any CPU
	EndGlobalSection
	GlobalSection(SolutionProperties) = preSolution
		HideSolutionNode = FALSE
	EndGlobalSection
	GlobalSection(ExtensibilityGlobals) = postSolution
		SolutionGuid = {ADB16AE1-9EB0-4226-87B9-3A5F1A5D2CB4}
	EndGlobalSection
EndGlobal
